
Microsoft Visual Studio Solution File, Format Version 12.00
# Visual Studio 2013
VisualStudioVersion = 12.0.21005.1
MinimumVisualStudioVersion = 10.0.40219.1
Project("{FAE04EC0-301F-11D3-BF4B-00C04F79EFBC}") = "PruebaLocaClasesYObjetos", "PruebaLocaClasesYObjetos\PruebaLocaClasesYObjetos.csproj", "{21C07D08-BFAF-4B8A-AE8D-3CCB1EF0434D}"
EndProject
Global
	GlobalSection(SolutionConfigurationPlatforms) = preSolution
		Debug|Any CPU = Debug|Any CPU
		Release|Any CPU = Release|Any CPU
	EndGlobalSection
	GlobalSection(ProjectConfigurationPlatforms) = postSolution
		{21C07D08-BFAF-4B8A-AE8D-3CCB1EF0434D}.Debug|Any CPU.ActiveCfg = Debug|Any CPU
		{21C07D08-BFAF-4B8A-AE8D-3CCB1EF0434D}.Debug|Any CPU.Build.0 = Debug|Any CPU
		{21C07D08-BFAF-4B8A-AE8D-3CCB1EF0434D}.Release|Any CPU.ActiveCfg = Release|Any CPU
		{21C07D08-BFAF-4B8A-AE8D-3CCB1EF0434D}.Release|Any CPU.Build.0 = Release|Any CPU
	EndGlobalSection
	GlobalSection(SolutionProperties) = preSolution
		HideSolutionNode = FALSE
	EndGlobalSection
EndGlobal
